
Microsoft Visual Studio Solution File, Format Version 12.00
# Visual Studio Version 17
VisualStudioVersion = 17.7.34031.279
MinimumVisualStudioVersion = 10.0.40219.1
Project("{FAE04EC0-301F-11D3-BF4B-00C04F79EFBC}") = "React_App_Student_Management_System", "React_App_Student_Management_System\React_App_Student_Management_System.csproj", "{5A952C5F-8BDF-4864-A360-33C048D6A237}"
EndProject
Project("{2150E333-8FDC-42A3-9474-1A3956D46DE8}") = "Solution Items", "Solution Items", "{856DFBBC-1CEB-4B43-A618-B9DC317A2A81}"
	ProjectSection(SolutionItems) = preProject
		.editorconfig = .editorconfig
	EndProjectSection
EndProject
Global
	GlobalSection(SolutionConfigurationPlatforms) = preSolution
		Debug|Any CPU = Debug|Any CPU
		Release|Any CPU = Release|Any CPU
	EndGlobalSection
	GlobalSection(ProjectConfigurationPlatforms) = postSolution
		{5A952C5F-8BDF-4864-A360-33C048D6A237}.Debug|Any CPU.ActiveCfg = Debug|Any CPU
		{5A952C5F-8BDF-4864-A360-33C048D6A237}.Debug|Any CPU.Build.0 = Debug|Any CPU
		{5A952C5F-8BDF-4864-A360-33C048D6A237}.Release|Any CPU.ActiveCfg = Release|Any CPU
		{5A952C5F-8BDF-4864-A360-33C048D6A237}.Release|Any CPU.Build.0 = Release|Any CPU
	EndGlobalSection
	GlobalSection(SolutionProperties) = preSolution
		HideSolutionNode = FALSE
	EndGlobalSection
	GlobalSection(ExtensibilityGlobals) = postSolution
		SolutionGuid = {4E9DDA59-C5EB-46EE-922C-0F3A63BF9AAC}
	EndGlobalSection
EndGlobal
